# This file is generated by yarn
# It contains the exact versions of all installed packages

"@nestjs/common@^9.0.0":
  version "9.0.0"
  resolved "https://registry.yarnpkg.com/@nestjs/common/-/common-9.0.0.tgz"
  integrity sha512-...

"@nestjs/core@^9.0.0":
  version "9.0.0"
  resolved "https://registry.yarnpkg.com/@nestjs/core/-/core-9.0.0.tgz"
  integrity sha512-...

"@nestjs/jwt@^9.0.0":
  version "9.0.0"
  resolved "https://registry.yarnpkg.com/@nestjs/jwt/-/jwt-9.0.0.tgz"
  integrity sha512-...

"@nestjs/passport@^9.0.0":
  version "9.0.0"
  resolved "https://registry.yarnpkg.com/@nestjs/passport/-/passport-9.0.0.tgz"
  integrity sha512-...

"passport@^0.5.0":
  version "0.5.0"
  resolved "https://registry.yarnpkg.com/passport/-/passport-0.5.0.tgz"
  integrity sha512-...

"passport-local@^1.0.0":
  version "1.0.0"
  resolved "https://registry.yarnpkg.com/passport-local/-/passport-local-1.0.0.tgz"
  integrity sha512-...

"passport-jwt@^8.0.0":
  version "8.0.0"
  resolved "https://registry.yarnpkg.com/passport-jwt/-/passport-jwt-8.0.0.tgz"
  integrity sha512-...

"typeorm@^0.3.0":
  version "0.3.0"
  resolved "https://registry.yarnpkg.com/typeorm/-/typeorm-0.3.0.tgz"
  integrity sha512-...

"pg@^8.0.0":
  version "8.0.0"
  resolved "https://registry.yarnpkg.com/pg/-/pg-8.0.0.tgz"
  integrity sha512-...

"class-validator@^0.14.0":
  version "0.14.0"
  resolved "https://registry.yarnpkg.com/class-validator/-/class-validator-0.14.0.tgz"
  integrity sha512-...

"supertest@^6.0.0":
  version "6.0.0"
  resolved "https://registry.yarnpkg.com/supertest/-/supertest-6.0.0.tgz"
  integrity sha512-...
